# This file is automatically @generated by Cargo.
# It is not intended for manual editing.
version = 4

[[package]]
name = "data_collector"
version = "0.1.0"

[[package]]
name = "data_processor"
version = "0.1.0"

[[package]]
name = "exfil_cli"
version = "0.1.0"

[[package]]
name = "exfil_core"
version = "0.1.0"

[[package]]
name = "stealth_utils"
version = "0.1.0"

[[package]]
name = "transport_dns"
version = "0.1.0"

[[package]]
name = "transport_http"
version = "0.1.0"

[[package]]
name = "transport_icmp"
version = "0.1.0"
